// !$*UTF8*$!
{
	archiveVersion = 1;
	classes = {
	};
	objectVersion = 51;
	objects = {

/* Begin PBXBuildFile section */
		A0544F1424083311005CD956 /* UIButtonExtension.swift in Sources */ = {isa = PBXBuildFile; fileRef = A0544F1324083311005CD956 /* UIButtonExtension.swift */; };
		A0544F16240837C6005CD956 /* Constants.swift in Sources */ = {isa = PBXBuildFile; fileRef = A0544F15240837C6005CD956 /* Constants.swift */; };
		A08832A8241A7EF200B43951 /* LocationResponce.swift in Sources */ = {isa = PBXBuildFile; fileRef = A08832A7241A7EF200B43951 /* LocationResponce.swift */; };
		A0D13E1524044829002E0CE9 /* AppDelegate.swift in Sources */ = {isa = PBXBuildFile; fileRef = A0D13E1424044829002E0CE9 /* AppDelegate.swift */; };
		A0D13E1724044829002E0CE9 /* SceneDelegate.swift in Sources */ = {isa = PBXBuildFile; fileRef = A0D13E1624044829002E0CE9 /* SceneDelegate.swift */; };
		A0D13E1C24044829002E0CE9 /* Main.storyboard in Resources */ = {isa = PBXBuildFile; fileRef = A0D13E1A24044829002E0CE9 /* Main.storyboard */; };
		A0D13E1E2404482B002E0CE9 /* Assets.xcassets in Resources */ = {isa = PBXBuildFile; fileRef = A0D13E1D2404482B002E0CE9 /* Assets.xcassets */; };
		A0D13E212404482B002E0CE9 /* LaunchScreen.storyboard in Resources */ = {isa = PBXBuildFile; fileRef = A0D13E1F2404482B002E0CE9 /* LaunchScreen.storyboard */; };
		A0D13E2B24046ACF002E0CE9 /* VoiceRecognitionViewModel.swift in Sources */ = {isa = PBXBuildFile; fileRef = A0D13E2A24046ACF002E0CE9 /* VoiceRecognitionViewModel.swift */; };
		A0D13E2D24046B74002E0CE9 /* VoiceCapture.swift in Sources */ = {isa = PBXBuildFile; fileRef = A0D13E2C24046B74002E0CE9 /* VoiceCapture.swift */; };
		A0D13E2F24046D43002E0CE9 /* SpeachRecognizer.swift in Sources */ = {isa = PBXBuildFile; fileRef = A0D13E2E24046D43002E0CE9 /* SpeachRecognizer.swift */; };
		A0D13E31240475C5002E0CE9 /* AVFoundationVoiceCapture.swift in Sources */ = {isa = PBXBuildFile; fileRef = A0D13E30240475C5002E0CE9 /* AVFoundationVoiceCapture.swift */; };
		A0D13E3324047604002E0CE9 /* DefaultSpeachRecognizer.swift in Sources */ = {isa = PBXBuildFile; fileRef = A0D13E3224047604002E0CE9 /* DefaultSpeachRecognizer.swift */; };
		A0D13E3524047A4A002E0CE9 /* SpeechRecognizerViewController.swift in Sources */ = {isa = PBXBuildFile; fileRef = A0D13E3424047A4A002E0CE9 /* SpeechRecognizerViewController.swift */; };
		A0D68676241C2F6B00140415 /* ResturanTableViewCell.swift in Sources */ = {isa = PBXBuildFile; fileRef = A0D68675241C2F6B00140415 /* ResturanTableViewCell.swift */; };
		A0D6867A241C381E00140415 /* ResturantResponce.swift in Sources */ = {isa = PBXBuildFile; fileRef = A0D68679241C381E00140415 /* ResturantResponce.swift */; };
		A0D6867C241C385600140415 /* LoadResturantDataSource.swift in Sources */ = {isa = PBXBuildFile; fileRef = A0D6867B241C385600140415 /* LoadResturantDataSource.swift */; };
		A0D6867E241C388100140415 /* MoyaLoadResturantDataSource.swift in Sources */ = {isa = PBXBuildFile; fileRef = A0D6867D241C388100140415 /* MoyaLoadResturantDataSource.swift */; };
		A0D68681241C392900140415 /* LoadLocatinostDataSource.swift in Sources */ = {isa = PBXBuildFile; fileRef = A0D68680241C392900140415 /* LoadLocatinostDataSource.swift */; };
		A0D68683241C395800140415 /* MoyaLoadLocationDataSource.swift in Sources */ = {isa = PBXBuildFile; fileRef = A0D68682241C395800140415 /* MoyaLoadLocationDataSource.swift */; };
		A0D68685241C399400140415 /* loadLocationUseCae.swift in Sources */ = {isa = PBXBuildFile; fileRef = A0D68684241C399400140415 /* loadLocationUseCae.swift */; };
		A0D68688241C3A2E00140415 /* Resturant.swift in Sources */ = {isa = PBXBuildFile; fileRef = A0D68687241C3A2E00140415 /* Resturant.swift */; };
		A0D6868A241C3A9F00140415 /* ResturantApi.swift in Sources */ = {isa = PBXBuildFile; fileRef = A0D68689241C3A9F00140415 /* ResturantApi.swift */; };
		A0D6868C241C3B5600140415 /* ResturantApis.swift in Sources */ = {isa = PBXBuildFile; fileRef = A0D6868B241C3B5600140415 /* ResturantApis.swift */; };
		A0F42EA22406FF8000C7511A /* LocationCapture.swift in Sources */ = {isa = PBXBuildFile; fileRef = A0F42EA12406FF8000C7511A /* LocationCapture.swift */; };
		A0F42EA42406FFBE00C7511A /* AreaNameCapture.swift in Sources */ = {isa = PBXBuildFile; fileRef = A0F42EA32406FFBE00C7511A /* AreaNameCapture.swift */; };
		A0F42EA624071C2000C7511A /* AppleCoreLocationCapture.swift in Sources */ = {isa = PBXBuildFile; fileRef = A0F42EA524071C2000C7511A /* AppleCoreLocationCapture.swift */; };
		A0F42EA824071C5700C7511A /* AppleAreaNameCapture.swift in Sources */ = {isa = PBXBuildFile; fileRef = A0F42EA724071C5700C7511A /* AppleAreaNameCapture.swift */; };
		A0FB2D3D241976DD00125A6A /* LoadResturantsUseCase.swift in Sources */ = {isa = PBXBuildFile; fileRef = A0FB2D3C241976DD00125A6A /* LoadResturantsUseCase.swift */; };
		DF174C41CBD554FAB2A3F456 /* Pods_ArabicVoiceRecognition.framework in Frameworks */ = {isa = PBXBuildFile; fileRef = FCD31625E96581127FBF4CCA /* Pods_ArabicVoiceRecognition.framework */; };
/* End PBXBuildFile section */

/* Begin PBXFileReference section */
		3E0F19A6190E5025DF6B5FAC /* Pods-Arabic Voice Recognition.release.xcconfig */ = {isa = PBXFileReference; includeInIndex = 1; lastKnownFileType = text.xcconfig; name = "Pods-Arabic Voice Recognition.release.xcconfig"; path = "Target Support Files/Pods-Arabic Voice Recognition/Pods-Arabic Voice Recognition.release.xcconfig"; sourceTree = "<group>"; };
		73ACF10E9703C7E74C0372FD /* Pods-Arabic Voice Recognition.debug.xcconfig */ = {isa = PBXFileReference; includeInIndex = 1; lastKnownFileType = text.xcconfig; name = "Pods-Arabic Voice Recognition.debug.xcconfig"; path = "Target Support Files/Pods-Arabic Voice Recognition/Pods-Arabic Voice Recognition.debug.xcconfig"; sourceTree = "<group>"; };
		A0544F1324083311005CD956 /* UIButtonExtension.swift */ = {isa = PBXFileReference; lastKnownFileType = sourcecode.swift; path = UIButtonExtension.swift; sourceTree = "<group>"; };
		A0544F15240837C6005CD956 /* Constants.swift */ = {isa = PBXFileReference; lastKnownFileType = sourcecode.swift; path = Constants.swift; sourceTree = "<group>"; };
		A08832A7241A7EF200B43951 /* LocationResponce.swift */ = {isa = PBXFileReference; lastKnownFileType = sourcecode.swift; path = LocationResponce.swift; sourceTree = "<group>"; };
		A0D13E1124044829002E0CE9 /* ArabicVoiceRecognition.app */ = {isa = PBXFileReference; explicitFileType = wrapper.application; includeInIndex = 0; path = ArabicVoiceRecognition.app; sourceTree = BUILT_PRODUCTS_DIR; };
		A0D13E1424044829002E0CE9 /* AppDelegate.swift */ = {isa = PBXFileReference; lastKnownFileType = sourcecode.swift; path = AppDelegate.swift; sourceTree = "<group>"; };
		A0D13E1624044829002E0CE9 /* SceneDelegate.swift */ = {isa = PBXFileReference; lastKnownFileType = sourcecode.swift; path = SceneDelegate.swift; sourceTree = "<group>"; };
		A0D13E1B24044829002E0CE9 /* Base */ = {isa = PBXFileReference; lastKnownFileType = file.storyboard; name = Base; path = Base.lproj/Main.storyboard; sourceTree = "<group>"; };
		A0D13E1D2404482B002E0CE9 /* Assets.xcassets */ = {isa = PBXFileReference; lastKnownFileType = folder.assetcatalog; path = Assets.xcassets; sourceTree = "<group>"; };
		A0D13E202404482B002E0CE9 /* Base */ = {isa = PBXFileReference; lastKnownFileType = file.storyboard; name = Base; path = Base.lproj/LaunchScreen.storyboard; sourceTree = "<group>"; };
		A0D13E222404482B002E0CE9 /* Info.plist */ = {isa = PBXFileReference; lastKnownFileType = text.plist.xml; path = Info.plist; sourceTree = "<group>"; };
		A0D13E2A24046ACF002E0CE9 /* VoiceRecognitionViewModel.swift */ = {isa = PBXFileReference; lastKnownFileType = sourcecode.swift; path = VoiceRecognitionViewModel.swift; sourceTree = "<group>"; };
		A0D13E2C24046B74002E0CE9 /* VoiceCapture.swift */ = {isa = PBXFileReference; lastKnownFileType = sourcecode.swift; path = VoiceCapture.swift; sourceTree = "<group>"; };
		A0D13E2E24046D43002E0CE9 /* SpeachRecognizer.swift */ = {isa = PBXFileReference; lastKnownFileType = sourcecode.swift; path = SpeachRecognizer.swift; sourceTree = "<group>"; };
		A0D13E30240475C5002E0CE9 /* AVFoundationVoiceCapture.swift */ = {isa = PBXFileReference; lastKnownFileType = sourcecode.swift; path = AVFoundationVoiceCapture.swift; sourceTree = "<group>"; };
		A0D13E3224047604002E0CE9 /* DefaultSpeachRecognizer.swift */ = {isa = PBXFileReference; lastKnownFileType = sourcecode.swift; path = DefaultSpeachRecognizer.swift; sourceTree = "<group>"; };
		A0D13E3424047A4A002E0CE9 /* SpeechRecognizerViewController.swift */ = {isa = PBXFileReference; lastKnownFileType = sourcecode.swift; path = SpeechRecognizerViewController.swift; sourceTree = "<group>"; };
		A0D68675241C2F6B00140415 /* ResturanTableViewCell.swift */ = {isa = PBXFileReference; lastKnownFileType = sourcecode.swift; path = ResturanTableViewCell.swift; sourceTree = "<group>"; };
		A0D68679241C381E00140415 /* ResturantResponce.swift */ = {isa = PBXFileReference; lastKnownFileType = sourcecode.swift; path = ResturantResponce.swift; sourceTree = "<group>"; };
		A0D6867B241C385600140415 /* LoadResturantDataSource.swift */ = {isa = PBXFileReference; lastKnownFileType = sourcecode.swift; path = LoadResturantDataSource.swift; sourceTree = "<group>"; };
		A0D6867D241C388100140415 /* MoyaLoadResturantDataSource.swift */ = {isa = PBXFileReference; lastKnownFileType = sourcecode.swift; path = MoyaLoadResturantDataSource.swift; sourceTree = "<group>"; };
		A0D68680241C392900140415 /* LoadLocatinostDataSource.swift */ = {isa = PBXFileReference; lastKnownFileType = sourcecode.swift; path = LoadLocatinostDataSource.swift; sourceTree = "<group>"; };
		A0D68682241C395800140415 /* MoyaLoadLocationDataSource.swift */ = {isa = PBXFileReference; lastKnownFileType = sourcecode.swift; path = MoyaLoadLocationDataSource.swift; sourceTree = "<group>"; };
		A0D68684241C399400140415 /* loadLocationUseCae.swift */ = {isa = PBXFileReference; lastKnownFileType = sourcecode.swift; path = loadLocationUseCae.swift; sourceTree = "<group>"; };
		A0D68687241C3A2E00140415 /* Resturant.swift */ = {isa = PBXFileReference; lastKnownFileType = sourcecode.swift; path = Resturant.swift; sourceTree = "<group>"; };
		A0D68689241C3A9F00140415 /* ResturantApi.swift */ = {isa = PBXFileReference; lastKnownFileType = sourcecode.swift; path = ResturantApi.swift; sourceTree = "<group>"; };
		A0D6868B241C3B5600140415 /* ResturantApis.swift */ = {isa = PBXFileReference; lastKnownFileType = sourcecode.swift; path = ResturantApis.swift; sourceTree = "<group>"; };
		A0F42EA12406FF8000C7511A /* LocationCapture.swift */ = {isa = PBXFileReference; lastKnownFileType = sourcecode.swift; path = LocationCapture.swift; sourceTree = "<group>"; };
		A0F42EA32406FFBE00C7511A /* AreaNameCapture.swift */ = {isa = PBXFileReference; lastKnownFileType = sourcecode.swift; path = AreaNameCapture.swift; sourceTree = "<group>"; };
		A0F42EA524071C2000C7511A /* AppleCoreLocationCapture.swift */ = {isa = PBXFileReference; lastKnownFileType = sourcecode.swift; path = AppleCoreLocationCapture.swift; sourceTree = "<group>"; };
		A0F42EA724071C5700C7511A /* AppleAreaNameCapture.swift */ = {isa = PBXFileReference; lastKnownFileType = sourcecode.swift; path = AppleAreaNameCapture.swift; sourceTree = "<group>"; };
		A0FB2D3C241976DD00125A6A /* LoadResturantsUseCase.swift */ = {isa = PBXFileReference; lastKnownFileType = sourcecode.swift; path = LoadResturantsUseCase.swift; sourceTree = "<group>"; };
		A59ECA546B0E95B156979F34 /* Pods-ArabicVoiceRecognition.release.xcconfig */ = {isa = PBXFileReference; includeInIndex = 1; lastKnownFileType = text.xcconfig; name = "Pods-ArabicVoiceRecognition.release.xcconfig"; path = "Target Support Files/Pods-ArabicVoiceRecognition/Pods-ArabicVoiceRecognition.release.xcconfig"; sourceTree = "<group>"; };
		DA237A848B07C4C057730ECC /* Pods-ArabicVoiceRecognition.debug.xcconfig */ = {isa = PBXFileReference; includeInIndex = 1; lastKnownFileType = text.xcconfig; name = "Pods-ArabicVoiceRecognition.debug.xcconfig"; path = "Target Support Files/Pods-ArabicVoiceRecognition/Pods-ArabicVoiceRecognition.debug.xcconfig"; sourceTree = "<group>"; };
		FCD31625E96581127FBF4CCA /* Pods_ArabicVoiceRecognition.framework */ = {isa = PBXFileReference; explicitFileType = wrapper.framework; includeInIndex = 0; path = Pods_ArabicVoiceRecognition.framework; sourceTree = BUILT_PRODUCTS_DIR; };
/* End PBXFileReference section */

/* Begin PBXFrameworksBuildPhase section */
		A0D13E0E24044829002E0CE9 /* Frameworks */ = {
			isa = PBXFrameworksBuildPhase;
			buildActionMask = 2147483647;
			files = (
				DF174C41CBD554FAB2A3F456 /* Pods_ArabicVoiceRecognition.framework in Frameworks */,
			);
			runOnlyForDeploymentPostprocessing = 0;
		};
/* End PBXFrameworksBuildPhase section */

/* Begin PBXGroup section */
		0EC7A64078AA83CA9B0C0AC0 /* Pods */ = {
			isa = PBXGroup;
			children = (
				73ACF10E9703C7E74C0372FD /* Pods-Arabic Voice Recognition.debug.xcconfig */,
				3E0F19A6190E5025DF6B5FAC /* Pods-Arabic Voice Recognition.release.xcconfig */,
				DA237A848B07C4C057730ECC /* Pods-ArabicVoiceRecognition.debug.xcconfig */,
				A59ECA546B0E95B156979F34 /* Pods-ArabicVoiceRecognition.release.xcconfig */,
			);
			path = Pods;
			sourceTree = "<group>";
		};
		A0B8ACDE2405BB4A0082E4BD /* Presetation */ = {
			isa = PBXGroup;
			children = (
				A0D13E3424047A4A002E0CE9 /* SpeechRecognizerViewController.swift */,
				A0D68675241C2F6B00140415 /* ResturanTableViewCell.swift */,
				A0D13E2A24046ACF002E0CE9 /* VoiceRecognitionViewModel.swift */,
			);
			path = Presetation;
			sourceTree = "<group>";
		};
		A0B8ACDF2405BB910082E4BD /* Domain */ = {
			isa = PBXGroup;
			children = (
				A0D6867F241C38D800140415 /* UseCases */,
				A0B8ACE02405BBAB0082E4BD /* Protocols */,
			);
			path = Domain;
			sourceTree = "<group>";
		};
		A0B8ACE02405BBAB0082E4BD /* Protocols */ = {
			isa = PBXGroup;
			children = (
				A0D13E2C24046B74002E0CE9 /* VoiceCapture.swift */,
				A0D68689241C3A9F00140415 /* ResturantApi.swift */,
				A0D68680241C392900140415 /* LoadLocatinostDataSource.swift */,
				A0D6867B241C385600140415 /* LoadResturantDataSource.swift */,
				A0F42EA12406FF8000C7511A /* LocationCapture.swift */,
				A0F42EA32406FFBE00C7511A /* AreaNameCapture.swift */,
				A0D13E2E24046D43002E0CE9 /* SpeachRecognizer.swift */,
			);
			path = Protocols;
			sourceTree = "<group>";
		};
		A0B8ACE12405BBD40082E4BD /* Framework */ = {
			isa = PBXGroup;
			children = (
				A0D13E30240475C5002E0CE9 /* AVFoundationVoiceCapture.swift */,
				A0D68682241C395800140415 /* MoyaLoadLocationDataSource.swift */,
				A0D6867D241C388100140415 /* MoyaLoadResturantDataSource.swift */,
				A0F42EA724071C5700C7511A /* AppleAreaNameCapture.swift */,
				A0F42EA524071C2000C7511A /* AppleCoreLocationCapture.swift */,
				A0D13E3224047604002E0CE9 /* DefaultSpeachRecognizer.swift */,
				A0D6868B241C3B5600140415 /* ResturantApis.swift */,
			);
			path = Framework;
			sourceTree = "<group>";
		};
		A0D13E0824044829002E0CE9 = {
			isa = PBXGroup;
			children = (
				A0D13E1324044829002E0CE9 /* ArabicVoiceRecognition */,
				A0D13E1224044829002E0CE9 /* Products */,
				0EC7A64078AA83CA9B0C0AC0 /* Pods */,
				C945208127BB5654E99BB653 /* Frameworks */,
			);
			sourceTree = "<group>";
		};
		A0D13E1224044829002E0CE9 /* Products */ = {
			isa = PBXGroup;
			children = (
				A0D13E1124044829002E0CE9 /* ArabicVoiceRecognition.app */,
			);
			name = Products;
			sourceTree = "<group>";
		};
		A0D13E1324044829002E0CE9 /* ArabicVoiceRecognition */ = {
			isa = PBXGroup;
			children = (
				A0D13E1424044829002E0CE9 /* AppDelegate.swift */,
				A0544F1324083311005CD956 /* UIButtonExtension.swift */,
				A0544F15240837C6005CD956 /* Constants.swift */,
				A0D13E1624044829002E0CE9 /* SceneDelegate.swift */,
				A0D13E222404482B002E0CE9 /* Info.plist */,
				A0B8ACDE2405BB4A0082E4BD /* Presetation */,
				A0B8ACDF2405BB910082E4BD /* Domain */,
				A0D68677241C37D100140415 /* Entities */,
				A0B8ACE12405BBD40082E4BD /* Framework */,
				A0D13E1A24044829002E0CE9 /* Main.storyboard */,
				A0D13E1D2404482B002E0CE9 /* Assets.xcassets */,
				A0D13E1F2404482B002E0CE9 /* LaunchScreen.storyboard */,
			);
			path = ArabicVoiceRecognition;
			sourceTree = "<group>";
		};
		A0D68677241C37D100140415 /* Entities */ = {
			isa = PBXGroup;
			children = (
				A0D68686241C3A1900140415 /* ScreenEntities */,
				A0D68678241C37E300140415 /* JsonEntities */,
			);
			path = Entities;
			sourceTree = "<group>";
		};
		A0D68678241C37E300140415 /* JsonEntities */ = {
			isa = PBXGroup;
			children = (
				A0D68679241C381E00140415 /* ResturantResponce.swift */,
				A08832A7241A7EF200B43951 /* LocationResponce.swift */,
			);
			path = JsonEntities;
			sourceTree = "<group>";
		};
		A0D6867F241C38D800140415 /* UseCases */ = {
			isa = PBXGroup;
			children = (
				A0FB2D3C241976DD00125A6A /* LoadResturantsUseCase.swift */,
				A0D68684241C399400140415 /* loadLocationUseCae.swift */,
			);
			path = UseCases;
			sourceTree = "<group>";
		};
		A0D68686241C3A1900140415 /* ScreenEntities */ = {
			isa = PBXGroup;
			children = (
				A0D68687241C3A2E00140415 /* Resturant.swift */,
			);
			path = ScreenEntities;
			sourceTree = "<group>";
		};
		C945208127BB5654E99BB653 /* Frameworks */ = {
			isa = PBXGroup;
			children = (
				FCD31625E96581127FBF4CCA /* Pods_ArabicVoiceRecognition.framework */,
			);
			name = Frameworks;
			sourceTree = "<group>";
		};
/* End PBXGroup section */

/* Begin PBXNativeTarget section */
		A0D13E1024044829002E0CE9 /* ArabicVoiceRecognition */ = {
			isa = PBXNativeTarget;
			buildConfigurationList = A0D13E252404482B002E0CE9 /* Build configuration list for PBXNativeTarget "ArabicVoiceRecognition" */;
			buildPhases = (
				298C33B6A4668DDAF5F67713 /* [CP] Check Pods Manifest.lock */,
				A0D13E0D24044829002E0CE9 /* Sources */,
				A0D13E0E24044829002E0CE9 /* Frameworks */,
				A0D13E0F24044829002E0CE9 /* Resources */,
				300C35218C2A2E3D0BBCAAFF /* [CP] Embed Pods Frameworks */,
			);
			buildRules = (
			);
			dependencies = (
			);
			name = ArabicVoiceRecognition;
			productName = "Arabic Voice Recognition";
			productReference = A0D13E1124044829002E0CE9 /* ArabicVoiceRecognition.app */;
			productType = "com.apple.product-type.application";
		};
/* End PBXNativeTarget section */

/* Begin PBXProject section */
		A0D13E0924044829002E0CE9 /* Project object */ = {
			isa = PBXProject;
			attributes = {
				LastSwiftUpdateCheck = 1130;
				LastUpgradeCheck = 1130;
				ORGANIZATIONNAME = Orcas;
				TargetAttributes = {
					A0D13E1024044829002E0CE9 = {
						CreatedOnToolsVersion = 11.3;
					};
				};
			};
			buildConfigurationList = A0D13E0C24044829002E0CE9 /* Build configuration list for PBXProject "ArabicVoiceRecognition" */;
			compatibilityVersion = "Xcode 9.3";
			developmentRegion = en;
			hasScannedForEncodings = 0;
			knownRegions = (
				en,
				Base,
			);
			mainGroup = A0D13E0824044829002E0CE9;
			productRefGroup = A0D13E1224044829002E0CE9 /* Products */;
			projectDirPath = "";
			projectRoot = "";
			targets = (
				A0D13E1024044829002E0CE9 /* ArabicVoiceRecognition */,
			);
		};
/* End PBXProject section */

/* Begin PBXResourcesBuildPhase section */
		A0D13E0F24044829002E0CE9 /* Resources */ = {
			isa = PBXResourcesBuildPhase;
			buildActionMask = 2147483647;
			files = (
				A0D13E212404482B002E0CE9 /* LaunchScreen.storyboard in Resources */,
				A0D13E1E2404482B002E0CE9 /* Assets.xcassets in Resources */,
				A0D13E1C24044829002E0CE9 /* Main.storyboard in Resources */,
			);
			runOnlyForDeploymentPostprocessing = 0;
		};
/* End PBXResourcesBuildPhase section */

/* Begin PBXShellScriptBuildPhase section */
		298C33B6A4668DDAF5F67713 /* [CP] Check Pods Manifest.lock */ = {
			isa = PBXShellScriptBuildPhase;
			buildActionMask = 2147483647;
			files = (
			);
			inputFileListPaths = (
			);
			inputPaths = (
				"${PODS_PODFILE_DIR_PATH}/Podfile.lock",
				"${PODS_ROOT}/Manifest.lock",
			);
			name = "[CP] Check Pods Manifest.lock";
			outputFileListPaths = (
			);
			outputPaths = (
				"$(DERIVED_FILE_DIR)/Pods-ArabicVoiceRecognition-checkManifestLockResult.txt",
			);
			runOnlyForDeploymentPostprocessing = 0;
			shellPath = /bin/sh;
			shellScript = "diff \"${PODS_PODFILE_DIR_PATH}/Podfile.lock\" \"${PODS_ROOT}/Manifest.lock\" > /dev/null\nif [ $? != 0 ] ; then\n    # print error to STDERR\n    echo \"error: The sandbox is not in sync with the Podfile.lock. Run 'pod install' or update your CocoaPods installation.\" >&2\n    exit 1\nfi\n# This output is used by Xcode 'outputs' to avoid re-running this script phase.\necho \"SUCCESS\" > \"${SCRIPT_OUTPUT_FILE_0}\"\n";
			showEnvVarsInLog = 0;
		};
		300C35218C2A2E3D0BBCAAFF /* [CP] Embed Pods Frameworks */ = {
			isa = PBXShellScriptBuildPhase;
			buildActionMask = 2147483647;
			files = (
			);
			inputFileListPaths = (
				"${PODS_ROOT}/Target Support Files/Pods-ArabicVoiceRecognition/Pods-ArabicVoiceRecognition-frameworks-${CONFIGURATION}-input-files.xcfilelist",
			);
			name = "[CP] Embed Pods Frameworks";
			outputFileListPaths = (
				"${PODS_ROOT}/Target Support Files/Pods-ArabicVoiceRecognition/Pods-ArabicVoiceRecognition-frameworks-${CONFIGURATION}-output-files.xcfilelist",
			);
			runOnlyForDeploymentPostprocessing = 0;
			shellPath = /bin/sh;
			shellScript = "\"${PODS_ROOT}/Target Support Files/Pods-ArabicVoiceRecognition/Pods-ArabicVoiceRecognition-frameworks.sh\"\n";
			showEnvVarsInLog = 0;
		};
/* End PBXShellScriptBuildPhase section */

/* Begin PBXSourcesBuildPhase section */
		A0D13E0D24044829002E0CE9 /* Sources */ = {
			isa = PBXSourcesBuildPhase;
			buildActionMask = 2147483647;
			files = (
				A0F42EA624071C2000C7511A /* AppleCoreLocationCapture.swift in Sources */,
				A0D6868C241C3B5600140415 /* ResturantApis.swift in Sources */,
				A0D68685241C399400140415 /* loadLocationUseCae.swift in Sources */,
				A0D68688241C3A2E00140415 /* Resturant.swift in Sources */,
				A0D13E3324047604002E0CE9 /* DefaultSpeachRecognizer.swift in Sources */,
				A0F42EA22406FF8000C7511A /* LocationCapture.swift in Sources */,
				A0D13E2F24046D43002E0CE9 /* SpeachRecognizer.swift in Sources */,
				A0D13E2B24046ACF002E0CE9 /* VoiceRecognitionViewModel.swift in Sources */,
				A0D68681241C392900140415 /* LoadLocatinostDataSource.swift in Sources */,
				A0D68676241C2F6B00140415 /* ResturanTableViewCell.swift in Sources */,
				A0F42EA824071C5700C7511A /* AppleAreaNameCapture.swift in Sources */,
				A08832A8241A7EF200B43951 /* LocationResponce.swift in Sources */,
				A0D6868A241C3A9F00140415 /* ResturantApi.swift in Sources */,
				A0D6867C241C385600140415 /* LoadResturantDataSource.swift in Sources */,
				A0F42EA42406FFBE00C7511A /* AreaNameCapture.swift in Sources */,
				A0D13E2D24046B74002E0CE9 /* VoiceCapture.swift in Sources */,
				A0D6867E241C388100140415 /* MoyaLoadResturantDataSource.swift in Sources */,
				A0544F1424083311005CD956 /* UIButtonExtension.swift in Sources */,
				A0D13E1524044829002E0CE9 /* AppDelegate.swift in Sources */,
				A0D13E3524047A4A002E0CE9 /* SpeechRecognizerViewController.swift in Sources */,
				A0544F16240837C6005CD956 /* Constants.swift in Sources */,
				A0D13E31240475C5002E0CE9 /* AVFoundationVoiceCapture.swift in Sources */,
				A0D68683241C395800140415 /* MoyaLoadLocationDataSource.swift in Sources */,
				A0FB2D3D241976DD00125A6A /* LoadResturantsUseCase.swift in Sources */,
				A0D13E1724044829002E0CE9 /* SceneDelegate.swift in Sources */,
				A0D6867A241C381E00140415 /* ResturantResponce.swift in Sources */,
			);
			runOnlyForDeploymentPostprocessing = 0;
		};
/* End PBXSourcesBuildPhase section */

/* Begin PBXVariantGroup section */
		A0D13E1A24044829002E0CE9 /* Main.storyboard */ = {
			isa = PBXVariantGroup;
			children = (
				A0D13E1B24044829002E0CE9 /* Base */,
			);
			name = Main.storyboard;
			sourceTree = "<group>";
		};
		A0D13E1F2404482B002E0CE9 /* LaunchScreen.storyboard */ = {
			isa = PBXVariantGroup;
			children = (
				A0D13E202404482B002E0CE9 /* Base */,
			);
			name = LaunchScreen.storyboard;
			sourceTree = "<group>";
		};
/* End PBXVariantGroup section */

/* Begin XCBuildConfiguration section */
		A0D13E232404482B002E0CE9 /* Debug */ = {
			isa = XCBuildConfiguration;
			buildSettings = {
				ALWAYS_SEARCH_USER_PATHS = NO;
				CLANG_ANALYZER_NONNULL = YES;
				CLANG_ANALYZER_NUMBER_OBJECT_CONVERSION = YES_AGGRESSIVE;
				CLANG_CXX_LANGUAGE_STANDARD = "gnu++14";
				CLANG_CXX_LIBRARY = "libc++";
				CLANG_ENABLE_MODULES = YES;
				CLANG_ENABLE_OBJC_ARC = YES;
				CLANG_ENABLE_OBJC_WEAK = YES;
				CLANG_WARN_BLOCK_CAPTURE_AUTORELEASING = YES;
				CLANG_WARN_BOOL_CONVERSION = YES;
				CLANG_WARN_COMMA = YES;
				CLANG_WARN_CONSTANT_CONVERSION = YES;
				CLANG_WARN_DEPRECATED_OBJC_IMPLEMENTATIONS = YES;
				CLANG_WARN_DIRECT_OBJC_ISA_USAGE = YES_ERROR;
				CLANG_WARN_DOCUMENTATION_COMMENTS = YES;
				CLANG_WARN_EMPTY_BODY = YES;
				CLANG_WARN_ENUM_CONVERSION = YES;
				CLANG_WARN_INFINITE_RECURSION = YES;
				CLANG_WARN_INT_CONVERSION = YES;
				CLANG_WARN_NON_LITERAL_NULL_CONVERSION = YES;
				CLANG_WARN_OBJC_IMPLICIT_RETAIN_SELF = YES;
				CLANG_WARN_OBJC_LITERAL_CONVERSION = YES;
				CLANG_WARN_OBJC_ROOT_CLASS = YES_ERROR;
				CLANG_WARN_RANGE_LOOP_ANALYSIS = YES;
				CLANG_WARN_STRICT_PROTOTYPES = YES;
				CLANG_WARN_SUSPICIOUS_MOVE = YES;
				CLANG_WARN_UNGUARDED_AVAILABILITY = YES_AGGRESSIVE;
				CLANG_WARN_UNREACHABLE_CODE = YES;
				CLANG_WARN__DUPLICATE_METHOD_MATCH = YES;
				COPY_PHASE_STRIP = NO;
				DEBUG_INFORMATION_FORMAT = dwarf;
				ENABLE_STRICT_OBJC_MSGSEND = YES;
				ENABLE_TESTABILITY = YES;
				GCC_C_LANGUAGE_STANDARD = gnu11;
				GCC_DYNAMIC_NO_PIC = NO;
				GCC_NO_COMMON_BLOCKS = YES;
				GCC_OPTIMIZATION_LEVEL = 0;
				GCC_PREPROCESSOR_DEFINITIONS = (
					"DEBUG=1",
					"$(inherited)",
				);
				GCC_WARN_64_TO_32_BIT_CONVERSION = YES;
				GCC_WARN_ABOUT_RETURN_TYPE = YES_ERROR;
				GCC_WARN_UNDECLARED_SELECTOR = YES;
				GCC_WARN_UNINITIALIZED_AUTOS = YES_AGGRESSIVE;
				GCC_WARN_UNUSED_FUNCTION = YES;
				GCC_WARN_UNUSED_VARIABLE = YES;
				IPHONEOS_DEPLOYMENT_TARGET = 13.2;
				MTL_ENABLE_DEBUG_INFO = INCLUDE_SOURCE;
				MTL_FAST_MATH = YES;
				ONLY_ACTIVE_ARCH = YES;
				SDKROOT = iphoneos;
				SWIFT_ACTIVE_COMPILATION_CONDITIONS = DEBUG;
				SWIFT_OPTIMIZATION_LEVEL = "-Onone";
			};
			name = Debug;
		};
		A0D13E242404482B002E0CE9 /* Release */ = {
			isa = XCBuildConfiguration;
			buildSettings = {
				ALWAYS_SEARCH_USER_PATHS = NO;
				CLANG_ANALYZER_NONNULL = YES;
				CLANG_ANALYZER_NUMBER_OBJECT_CONVERSION = YES_AGGRESSIVE;
				CLANG_CXX_LANGUAGE_STANDARD = "gnu++14";
				CLANG_CXX_LIBRARY = "libc++";
				CLANG_ENABLE_MODULES = YES;
				CLANG_ENABLE_OBJC_ARC = YES;
				CLANG_ENABLE_OBJC_WEAK = YES;
				CLANG_WARN_BLOCK_CAPTURE_AUTORELEASING = YES;
				CLANG_WARN_BOOL_CONVERSION = YES;
				CLANG_WARN_COMMA = YES;
				CLANG_WARN_CONSTANT_CONVERSION = YES;
				CLANG_WARN_DEPRECATED_OBJC_IMPLEMENTATIONS = YES;
				CLANG_WARN_DIRECT_OBJC_ISA_USAGE = YES_ERROR;
				CLANG_WARN_DOCUMENTATION_COMMENTS = YES;
				CLANG_WARN_EMPTY_BODY = YES;
				CLANG_WARN_ENUM_CONVERSION = YES;
				CLANG_WARN_INFINITE_RECURSION = YES;
				CLANG_WARN_INT_CONVERSION = YES;
				CLANG_WARN_NON_LITERAL_NULL_CONVERSION = YES;
				CLANG_WARN_OBJC_IMPLICIT_RETAIN_SELF = YES;
				CLANG_WARN_OBJC_LITERAL_CONVERSION = YES;
				CLANG_WARN_OBJC_ROOT_CLASS = YES_ERROR;
				CLANG_WARN_RANGE_LOOP_ANALYSIS = YES;
				CLANG_WARN_STRICT_PROTOTYPES = YES;
				CLANG_WARN_SUSPICIOUS_MOVE = YES;
				CLANG_WARN_UNGUARDED_AVAILABILITY = YES_AGGRESSIVE;
				CLANG_WARN_UNREACHABLE_CODE = YES;
				CLANG_WARN__DUPLICATE_METHOD_MATCH = YES;
				COPY_PHASE_STRIP = NO;
				DEBUG_INFORMATION_FORMAT = "dwarf-with-dsym";
				ENABLE_NS_ASSERTIONS = NO;
				ENABLE_STRICT_OBJC_MSGSEND = YES;
				GCC_C_LANGUAGE_STANDARD = gnu11;
				GCC_NO_COMMON_BLOCKS = YES;
				GCC_WARN_64_TO_32_BIT_CONVERSION = YES;
				GCC_WARN_ABOUT_RETURN_TYPE = YES_ERROR;
				GCC_WARN_UNDECLARED_SELECTOR = YES;
				GCC_WARN_UNINITIALIZED_AUTOS = YES_AGGRESSIVE;
				GCC_WARN_UNUSED_FUNCTION = YES;
				GCC_WARN_UNUSED_VARIABLE = YES;
				IPHONEOS_DEPLOYMENT_TARGET = 13.2;
				MTL_ENABLE_DEBUG_INFO = NO;
				MTL_FAST_MATH = YES;
				SDKROOT = iphoneos;
				SWIFT_COMPILATION_MODE = wholemodule;
				SWIFT_OPTIMIZATION_LEVEL = "-O";
				VALIDATE_PRODUCT = YES;
			};
			name = Release;
		};
		A0D13E262404482B002E0CE9 /* Debug */ = {
			isa = XCBuildConfiguration;
			baseConfigurationReference = DA237A848B07C4C057730ECC /* Pods-ArabicVoiceRecognition.debug.xcconfig */;
			buildSettings = {
				ASSETCATALOG_COMPILER_APPICON_NAME = AppIcon;
				CODE_SIGN_STYLE = Automatic;
				DEVELOPMENT_TEAM = FX2Z63PGT5;
				INFOPLIST_FILE = ArabicVoiceRecognition/Info.plist;
				LD_RUNPATH_SEARCH_PATHS = (
					"$(inherited)",
					"@executable_path/Frameworks",
				);
				PRODUCT_BUNDLE_IDENTIFIER = "com.Orcas.OrcasUserApp.CombineDemo.Arabic-Voice-Recognition";
				PRODUCT_NAME = "$(TARGET_NAME)";
				SWIFT_VERSION = 5.0;
				TARGETED_DEVICE_FAMILY = "1,2";
			};
			name = Debug;
		};
		A0D13E272404482B002E0CE9 /* Release */ = {
			isa = XCBuildConfiguration;
			baseConfigurationReference = A59ECA546B0E95B156979F34 /* Pods-ArabicVoiceRecognition.release.xcconfig */;
			buildSettings = {
				ASSETCATALOG_COMPILER_APPICON_NAME = AppIcon;
				CODE_SIGN_STYLE = Automatic;
				DEVELOPMENT_TEAM = FX2Z63PGT5;
				INFOPLIST_FILE = ArabicVoiceRecognition/Info.plist;
				LD_RUNPATH_SEARCH_PATHS = (
					"$(inherited)",
					"@executable_path/Frameworks",
				);
				PRODUCT_BUNDLE_IDENTIFIER = "com.Orcas.OrcasUserApp.CombineDemo.Arabic-Voice-Recognition";
				PRODUCT_NAME = "$(TARGET_NAME)";
				SWIFT_VERSION = 5.0;
				TARGETED_DEVICE_FAMILY = "1,2";
			};
			name = Release;
		};
/* End XCBuildConfiguration section */

/* Begin XCConfigurationList section */
		A0D13E0C24044829002E0CE9 /* Build configuration list for PBXProject "ArabicVoiceRecognition" */ = {
			isa = XCConfigurationList;
			buildConfigurations = (
				A0D13E232404482B002E0CE9 /* Debug */,
				A0D13E242404482B002E0CE9 /* Release */,
			);
			defaultConfigurationIsVisible = 0;
			defaultConfigurationName = Release;
		};
		A0D13E252404482B002E0CE9 /* Build configuration list for PBXNativeTarget "ArabicVoiceRecognition" */ = {
			isa = XCConfigurationList;
			buildConfigurations = (
				A0D13E262404482B002E0CE9 /* Debug */,
				A0D13E272404482B002E0CE9 /* Release */,
			);
			defaultConfigurationIsVisible = 0;
			defaultConfigurationName = Release;
		};
/* End XCConfigurationList section */
	};
	rootObject = A0D13E0924044829002E0CE9 /* Project object */;
}
